
Microsoft Visual Studio Solution File, Format Version 12.00
# Visual Studio 15
Project("{FAE04EC0-301F-11D3-BF4B-00C04F79EFBC}") = "UnityEngine.UI", "UnityEngine.UI.csproj", "{67C5601D-A28C-52C5-6C1F-487B7F7BB25C}"
EndProject
Project("{FAE04EC0-301F-11D3-BF4B-00C04F79EFBC}") = "UnityEngine.TestRunner", "UnityEngine.TestRunner.csproj", "{91C6DD73-3640-FE49-742C-08A389B973C7}"
EndProject
Project("{FAE04EC0-301F-11D3-BF4B-00C04F79EFBC}") = "Unity.Timeline", "Unity.Timeline.csproj", "{C37B97CB-57EE-9483-17BA-9A0CE4242A55}"
EndProject
Project("{FAE04EC0-301F-11D3-BF4B-00C04F79EFBC}") = "Unity.TextMeshPro", "Unity.TextMeshPro.csproj", "{369F92B3-E590-1E70-CEDC-654519204B06}"
EndProject
Project("{FAE04EC0-301F-11D3-BF4B-00C04F79EFBC}") = "Assembly-CSharp", "Assembly-CSharp.csproj", "{E89DF40E-7C8B-5B74-98D3-B1D6208C020B}"
EndProject
Project("{FAE04EC0-301F-11D3-BF4B-00C04F79EFBC}") = "UnityEditor.TestRunner", "UnityEditor.TestRunner.csproj", "{4260E1DE-D0B8-C596-AB61-C71824EF3953}"
EndProject
Project("{FAE04EC0-301F-11D3-BF4B-00C04F79EFBC}") = "Unity.PlasticSCM.Editor", "Unity.PlasticSCM.Editor.csproj", "{C5181B2E-D5E8-9592-D573-D71803E160FA}"
EndProject
Project("{FAE04EC0-301F-11D3-BF4B-00C04F79EFBC}") = "UnityEditor.UI", "UnityEditor.UI.csproj", "{74575EC6-3776-B1AB-82FB-CF78BD5D6748}"
EndProject
Project("{FAE04EC0-301F-11D3-BF4B-00C04F79EFBC}") = "Unity.Timeline.Editor", "Unity.Timeline.Editor.csproj", "{76290D98-23D5-37D7-C77A-63AA4C9F1890}"
EndProject
Project("{FAE04EC0-301F-11D3-BF4B-00C04F79EFBC}") = "Unity.VisualStudio.Editor", "Unity.VisualStudio.Editor.csproj", "{01B71208-FEDF-7355-7096-CB6A9CFE54B2}"
EndProject
Project("{FAE04EC0-301F-11D3-BF4B-00C04F79EFBC}") = "Unity.TextMeshPro.Editor", "Unity.TextMeshPro.Editor.csproj", "{931A489C-4F53-2E52-87F9-1B2E6CF1C9F3}"
EndProject
Project("{FAE04EC0-301F-11D3-BF4B-00C04F79EFBC}") = "Unity.CollabProxy.Editor", "Unity.CollabProxy.Editor.csproj", "{F28FDF3D-71B8-7C81-6155-3B60022DFB71}"
EndProject
Project("{FAE04EC0-301F-11D3-BF4B-00C04F79EFBC}") = "Unity.Rider.Editor", "Unity.Rider.Editor.csproj", "{7F536798-3AD9-CF3B-C8FC-4BC958594CAB}"
EndProject
Project("{FAE04EC0-301F-11D3-BF4B-00C04F79EFBC}") = "Unity.VSCode.Editor", "Unity.VSCode.Editor.csproj", "{BDD5F490-D82D-C5ED-873C-1D418419E54A}"
EndProject
Project("{FAE04EC0-301F-11D3-BF4B-00C04F79EFBC}") = "UnityEngine.UI", "UnityEngine.UI.Player.csproj", "{20B3A6E3-4789-9E81-97F5-49C1DF111423}"
EndProject
Project("{FAE04EC0-301F-11D3-BF4B-00C04F79EFBC}") = "UnityEngine.TestRunner", "UnityEngine.TestRunner.Player.csproj", "{9C8B8BB0-C366-BD99-072F-26A57662BE08}"
EndProject
Project("{FAE04EC0-301F-11D3-BF4B-00C04F79EFBC}") = "Unity.Timeline", "Unity.Timeline.Player.csproj", "{F9322E5C-7525-875A-B165-BD9B3A9801F4}"
EndProject
Project("{FAE04EC0-301F-11D3-BF4B-00C04F79EFBC}") = "Unity.TextMeshPro", "Unity.TextMeshPro.Player.csproj", "{F4D1EF33-C849-AC5D-7C8F-0645C7C21193}"
EndProject
Project("{FAE04EC0-301F-11D3-BF4B-00C04F79EFBC}") = "Assembly-CSharp", "Assembly-CSharp.Player.csproj", "{CD90DDAA-606B-6A25-A9B5-CDBA5697C69A}"
EndProject
Global
	GlobalSection(SolutionConfigurationPlatforms) = preSolution
		Debug|Any CPU = Debug|Any CPU
		Release|Any CPU = Release|Any CPU
	EndGlobalSection
	GlobalSection(ProjectConfigurationPlatforms) = postSolution
		{67C5601D-A28C-52C5-6C1F-487B7F7BB25C}.Debug|Any CPU.ActiveCfg = Debug|Any CPU
		{67C5601D-A28C-52C5-6C1F-487B7F7BB25C}.Debug|Any CPU.Build.0 = Debug|Any CPU
		{67C5601D-A28C-52C5-6C1F-487B7F7BB25C}.Release|Any CPU.ActiveCfg = Release|Any CPU
		{67C5601D-A28C-52C5-6C1F-487B7F7BB25C}.Release|Any CPU.Build.0 = Release|Any CPU
		{91C6DD73-3640-FE49-742C-08A389B973C7}.Debug|Any CPU.ActiveCfg = Debug|Any CPU
		{91C6DD73-3640-FE49-742C-08A389B973C7}.Debug|Any CPU.Build.0 = Debug|Any CPU
		{91C6DD73-3640-FE49-742C-08A389B973C7}.Release|Any CPU.ActiveCfg = Release|Any CPU
		{91C6DD73-3640-FE49-742C-08A389B973C7}.Release|Any CPU.Build.0 = Release|Any CPU
		{C37B97CB-57EE-9483-17BA-9A0CE4242A55}.Debug|Any CPU.ActiveCfg = Debug|Any CPU
		{C37B97CB-57EE-9483-17BA-9A0CE4242A55}.Debug|Any CPU.Build.0 = Debug|Any CPU
		{C37B97CB-57EE-9483-17BA-9A0CE4242A55}.Release|Any CPU.ActiveCfg = Release|Any CPU
		{C37B97CB-57EE-9483-17BA-9A0CE4242A55}.Release|Any CPU.Build.0 = Release|Any CPU
		{369F92B3-E590-1E70-CEDC-654519204B06}.Debug|Any CPU.ActiveCfg = Debug|Any CPU
		{369F92B3-E590-1E70-CEDC-654519204B06}.Debug|Any CPU.Build.0 = Debug|Any CPU
		{369F92B3-E590-1E70-CEDC-654519204B06}.Release|Any CPU.ActiveCfg = Release|Any CPU
		{369F92B3-E590-1E70-CEDC-654519204B06}.Release|Any CPU.Build.0 = Release|Any CPU
		{E89DF40E-7C8B-5B74-98D3-B1D6208C020B}.Debug|Any CPU.ActiveCfg = Debug|Any CPU
		{E89DF40E-7C8B-5B74-98D3-B1D6208C020B}.Debug|Any CPU.Build.0 = Debug|Any CPU
		{E89DF40E-7C8B-5B74-98D3-B1D6208C020B}.Release|Any CPU.ActiveCfg = Release|Any CPU
		{E89DF40E-7C8B-5B74-98D3-B1D6208C020B}.Release|Any CPU.Build.0 = Release|Any CPU
		{4260E1DE-D0B8-C596-AB61-C71824EF3953}.Debug|Any CPU.ActiveCfg = Debug|Any CPU
		{4260E1DE-D0B8-C596-AB61-C71824EF3953}.Debug|Any CPU.Build.0 = Debug|Any CPU
		{4260E1DE-D0B8-C596-AB61-C71824EF3953}.Release|Any CPU.ActiveCfg = Release|Any CPU
		{4260E1DE-D0B8-C596-AB61-C71824EF3953}.Release|Any CPU.Build.0 = Release|Any CPU
		{C5181B2E-D5E8-9592-D573-D71803E160FA}.Debug|Any CPU.ActiveCfg = Debug|Any CPU
		{C5181B2E-D5E8-9592-D573-D71803E160FA}.Debug|Any CPU.Build.0 = Debug|Any CPU
		{C5181B2E-D5E8-9592-D573-D71803E160FA}.Release|Any CPU.ActiveCfg = Release|Any CPU
		{C5181B2E-D5E8-9592-D573-D71803E160FA}.Release|Any CPU.Build.0 = Release|Any CPU
		{74575EC6-3776-B1AB-82FB-CF78BD5D6748}.Debug|Any CPU.ActiveCfg = Debug|Any CPU
		{74575EC6-3776-B1AB-82FB-CF78BD5D6748}.Debug|Any CPU.Build.0 = Debug|Any CPU
		{74575EC6-3776-B1AB-82FB-CF78BD5D6748}.Release|Any CPU.ActiveCfg = Release|Any CPU
		{74575EC6-3776-B1AB-82FB-CF78BD5D6748}.Release|Any CPU.Build.0 = Release|Any CPU
		{76290D98-23D5-37D7-C77A-63AA4C9F1890}.Debug|Any CPU.ActiveCfg = Debug|Any CPU
		{76290D98-23D5-37D7-C77A-63AA4C9F1890}.Debug|Any CPU.Build.0 = Debug|Any CPU
		{76290D98-23D5-37D7-C77A-63AA4C9F1890}.Release|Any CPU.ActiveCfg = Release|Any CPU
		{76290D98-23D5-37D7-C77A-63AA4C9F1890}.Release|Any CPU.Build.0 = Release|Any CPU
		{01B71208-FEDF-7355-7096-CB6A9CFE54B2}.Debug|Any CPU.ActiveCfg = Debug|Any CPU
		{01B71208-FEDF-7355-7096-CB6A9CFE54B2}.Debug|Any CPU.Build.0 = Debug|Any CPU
		{01B71208-FEDF-7355-7096-CB6A9CFE54B2}.Release|Any CPU.ActiveCfg = Release|Any CPU
		{01B71208-FEDF-7355-7096-CB6A9CFE54B2}.Release|Any CPU.Build.0 = Release|Any CPU
		{931A489C-4F53-2E52-87F9-1B2E6CF1C9F3}.Debug|Any CPU.ActiveCfg = Debug|Any CPU
		{931A489C-4F53-2E52-87F9-1B2E6CF1C9F3}.Debug|Any CPU.Build.0 = Debug|Any CPU
		{931A489C-4F53-2E52-87F9-1B2E6CF1C9F3}.Release|Any CPU.ActiveCfg = Release|Any CPU
		{931A489C-4F53-2E52-87F9-1B2E6CF1C9F3}.Release|Any CPU.Build.0 = Release|Any CPU
		{F28FDF3D-71B8-7C81-6155-3B60022DFB71}.Debug|Any CPU.ActiveCfg = Debug|Any CPU
		{F28FDF3D-71B8-7C81-6155-3B60022DFB71}.Debug|Any CPU.Build.0 = Debug|Any CPU
		{F28FDF3D-71B8-7C81-6155-3B60022DFB71}.Release|Any CPU.ActiveCfg = Release|Any CPU
		{F28FDF3D-71B8-7C81-6155-3B60022DFB71}.Release|Any CPU.Build.0 = Release|Any CPU
		{7F536798-3AD9-CF3B-C8FC-4BC958594CAB}.Debug|Any CPU.ActiveCfg = Debug|Any CPU
		{7F536798-3AD9-CF3B-C8FC-4BC958594CAB}.Debug|Any CPU.Build.0 = Debug|Any CPU
		{7F536798-3AD9-CF3B-C8FC-4BC958594CAB}.Release|Any CPU.ActiveCfg = Release|Any CPU
		{7F536798-3AD9-CF3B-C8FC-4BC958594CAB}.Release|Any CPU.Build.0 = Release|Any CPU
		{BDD5F490-D82D-C5ED-873C-1D418419E54A}.Debug|Any CPU.ActiveCfg = Debug|Any CPU
		{BDD5F490-D82D-C5ED-873C-1D418419E54A}.Debug|Any CPU.Build.0 = Debug|Any CPU
		{BDD5F490-D82D-C5ED-873C-1D418419E54A}.Release|Any CPU.ActiveCfg = Release|Any CPU
		{BDD5F490-D82D-C5ED-873C-1D418419E54A}.Release|Any CPU.Build.0 = Release|Any CPU
		{20B3A6E3-4789-9E81-97F5-49C1DF111423}.Debug|Any CPU.ActiveCfg = Debug|Any CPU
		{20B3A6E3-4789-9E81-97F5-49C1DF111423}.Debug|Any CPU.Build.0 = Debug|Any CPU
		{20B3A6E3-4789-9E81-97F5-49C1DF111423}.Release|Any CPU.ActiveCfg = Release|Any CPU
		{20B3A6E3-4789-9E81-97F5-49C1DF111423}.Release|Any CPU.Build.0 = Release|Any CPU
		{9C8B8BB0-C366-BD99-072F-26A57662BE08}.Debug|Any CPU.ActiveCfg = Debug|Any CPU
		{9C8B8BB0-C366-BD99-072F-26A57662BE08}.Debug|Any CPU.Build.0 = Debug|Any CPU
		{9C8B8BB0-C366-BD99-072F-26A57662BE08}.Release|Any CPU.ActiveCfg = Release|Any CPU
		{9C8B8BB0-C366-BD99-072F-26A57662BE08}.Release|Any CPU.Build.0 = Release|Any CPU
		{F9322E5C-7525-875A-B165-BD9B3A9801F4}.Debug|Any CPU.ActiveCfg = Debug|Any CPU
		{F9322E5C-7525-875A-B165-BD9B3A9801F4}.Debug|Any CPU.Build.0 = Debug|Any CPU
		{F9322E5C-7525-875A-B165-BD9B3A9801F4}.Release|Any CPU.ActiveCfg = Release|Any CPU
		{F9322E5C-7525-875A-B165-BD9B3A9801F4}.Release|Any CPU.Build.0 = Release|Any CPU
		{F4D1EF33-C849-AC5D-7C8F-0645C7C21193}.Debug|Any CPU.ActiveCfg = Debug|Any CPU
		{F4D1EF33-C849-AC5D-7C8F-0645C7C21193}.Debug|Any CPU.Build.0 = Debug|Any CPU
		{F4D1EF33-C849-AC5D-7C8F-0645C7C21193}.Release|Any CPU.ActiveCfg = Release|Any CPU
		{F4D1EF33-C849-AC5D-7C8F-0645C7C21193}.Release|Any CPU.Build.0 = Release|Any CPU
		{CD90DDAA-606B-6A25-A9B5-CDBA5697C69A}.Debug|Any CPU.ActiveCfg = Debug|Any CPU
		{CD90DDAA-606B-6A25-A9B5-CDBA5697C69A}.Debug|Any CPU.Build.0 = Debug|Any CPU
		{CD90DDAA-606B-6A25-A9B5-CDBA5697C69A}.Release|Any CPU.ActiveCfg = Release|Any CPU
		{CD90DDAA-606B-6A25-A9B5-CDBA5697C69A}.Release|Any CPU.Build.0 = Release|Any CPU
	EndGlobalSection
	GlobalSection(SolutionProperties) = preSolution
		HideSolutionNode = FALSE
	EndGlobalSection
EndGlobal
